
Microsoft Visual Studio Solution File, Format Version 12.00
# Visual Studio Version 16
VisualStudioVersion = 16.0.30907.101
MinimumVisualStudioVersion = 10.0.40219.1
Project("{FAE04EC0-301F-11D3-BF4B-00C04F79EFBC}") = "HelloWorld1", "HelloWorld1\HelloWorld1.csproj", "{7FD8EE18-57A2-4400-8257-5AB389FCE530}"
EndProject
Global
	GlobalSection(SolutionConfigurationPlatforms) = preSolution
		Debug|Any CPU = Debug|Any CPU
		Release|Any CPU = Release|Any CPU
	EndGlobalSection
	GlobalSection(ProjectConfigurationPlatforms) = postSolution
		{7FD8EE18-57A2-4400-8257-5AB389FCE530}.Debug|Any CPU.ActiveCfg = Debug|Any CPU
		{7FD8EE18-57A2-4400-8257-5AB389FCE530}.Debug|Any CPU.Build.0 = Debug|Any CPU
		{7FD8EE18-57A2-4400-8257-5AB389FCE530}.Release|Any CPU.ActiveCfg = Release|Any CPU
		{7FD8EE18-57A2-4400-8257-5AB389FCE530}.Release|Any CPU.Build.0 = Release|Any CPU
	EndGlobalSection
	GlobalSection(SolutionProperties) = preSolution
		HideSolutionNode = FALSE
	EndGlobalSection
	GlobalSection(ExtensibilityGlobals) = postSolution
		SolutionGuid = {1DC070EA-FFDF-40BC-B78A-6A27B856BC66}
	EndGlobalSection
EndGlobal
